// !$*UTF8*$!
{
	archiveVersion = 1;
	classes = {
	};
	objectVersion = 46;
	objects = {

/* Begin PBXBuildFile section */
		591D77261B74C6AC00A222FC /* HappinessViewController.swift in Sources */ = {isa = PBXBuildFile; fileRef = 591D77241B74C6AC00A222FC /* HappinessViewController.swift */; };
		591D77271B74C6AC00A222FC /* FaceView.swift in Sources */ = {isa = PBXBuildFile; fileRef = 591D77251B74C6AC00A222FC /* FaceView.swift */; };
		591D77291B74E44900A222FC /* TextViewController.swift in Sources */ = {isa = PBXBuildFile; fileRef = 591D77281B74E44900A222FC /* TextViewController.swift */; };
		591D772B1B74E5E600A222FC /* DiagnosedHappinessViewController.swift in Sources */ = {isa = PBXBuildFile; fileRef = 591D772A1B74E5E600A222FC /* DiagnosedHappinessViewController.swift */; };
		597BFEDD1B74C1DD0025A0C8 /* AppDelegate.swift in Sources */ = {isa = PBXBuildFile; fileRef = 597BFEDC1B74C1DD0025A0C8 /* AppDelegate.swift */; };
		597BFEDF1B74C1DD0025A0C8 /* PsychologistViewController.swift in Sources */ = {isa = PBXBuildFile; fileRef = 597BFEDE1B74C1DD0025A0C8 /* PsychologistViewController.swift */; };
		597BFEE21B74C1DD0025A0C8 /* Main.storyboard in Resources */ = {isa = PBXBuildFile; fileRef = 597BFEE01B74C1DD0025A0C8 /* Main.storyboard */; };
		597BFEE41B74C1DD0025A0C8 /* Images.xcassets in Resources */ = {isa = PBXBuildFile; fileRef = 597BFEE31B74C1DD0025A0C8 /* Images.xcassets */; };
		597BFEE71B74C1DD0025A0C8 /* LaunchScreen.xib in Resources */ = {isa = PBXBuildFile; fileRef = 597BFEE51B74C1DD0025A0C8 /* LaunchScreen.xib */; };
		597BFEF31B74C1DD0025A0C8 /* PsychologistTests.swift in Sources */ = {isa = PBXBuildFile; fileRef = 597BFEF21B74C1DD0025A0C8 /* PsychologistTests.swift */; };
/* End PBXBuildFile section */

/* Begin PBXContainerItemProxy section */
		597BFEED1B74C1DD0025A0C8 /* PBXContainerItemProxy */ = {
			isa = PBXContainerItemProxy;
			containerPortal = 597BFECF1B74C1DD0025A0C8 /* Project object */;
			proxyType = 1;
			remoteGlobalIDString = 597BFED61B74C1DD0025A0C8;
			remoteInfo = Psychologist;
		};
/* End PBXContainerItemProxy section */

/* Begin PBXFileReference section */
		591D77241B74C6AC00A222FC /* HappinessViewController.swift */ = {isa = PBXFileReference; fileEncoding = 4; lastKnownFileType = sourcecode.swift; path = HappinessViewController.swift; sourceTree = "<group>"; };
		591D77251B74C6AC00A222FC /* FaceView.swift */ = {isa = PBXFileReference; fileEncoding = 4; lastKnownFileType = sourcecode.swift; path = FaceView.swift; sourceTree = "<group>"; };
		591D77281B74E44900A222FC /* TextViewController.swift */ = {isa = PBXFileReference; fileEncoding = 4; lastKnownFileType = sourcecode.swift; path = TextViewController.swift; sourceTree = "<group>"; };
		591D772A1B74E5E600A222FC /* DiagnosedHappinessViewController.swift */ = {isa = PBXFileReference; fileEncoding = 4; lastKnownFileType = sourcecode.swift; path = DiagnosedHappinessViewController.swift; sourceTree = "<group>"; };
		597BFED71B74C1DD0025A0C8 /* Psychologist.app */ = {isa = PBXFileReference; explicitFileType = wrapper.application; includeInIndex = 0; path = Psychologist.app; sourceTree = BUILT_PRODUCTS_DIR; };
		597BFEDB1B74C1DD0025A0C8 /* Info.plist */ = {isa = PBXFileReference; lastKnownFileType = text.plist.xml; path = Info.plist; sourceTree = "<group>"; };
		597BFEDC1B74C1DD0025A0C8 /* AppDelegate.swift */ = {isa = PBXFileReference; lastKnownFileType = sourcecode.swift; path = AppDelegate.swift; sourceTree = "<group>"; };
		597BFEDE1B74C1DD0025A0C8 /* PsychologistViewController.swift */ = {isa = PBXFileReference; lastKnownFileType = sourcecode.swift; path = PsychologistViewController.swift; sourceTree = "<group>"; };
		597BFEE11B74C1DD0025A0C8 /* Base */ = {isa = PBXFileReference; lastKnownFileType = file.storyboard; name = Base; path = Base.lproj/Main.storyboard; sourceTree = "<group>"; };
		597BFEE31B74C1DD0025A0C8 /* Images.xcassets */ = {isa = PBXFileReference; lastKnownFileType = folder.assetcatalog; path = Images.xcassets; sourceTree = "<group>"; };
		597BFEE61B74C1DD0025A0C8 /* Base */ = {isa = PBXFileReference; lastKnownFileType = file.xib; name = Base; path = Base.lproj/LaunchScreen.xib; sourceTree = "<group>"; };
		597BFEEC1B74C1DD0025A0C8 /* PsychologistTests.xctest */ = {isa = PBXFileReference; explicitFileType = wrapper.cfbundle; includeInIndex = 0; path = PsychologistTests.xctest; sourceTree = BUILT_PRODUCTS_DIR; };
		597BFEF11B74C1DD0025A0C8 /* Info.plist */ = {isa = PBXFileReference; lastKnownFileType = text.plist.xml; path = Info.plist; sourceTree = "<group>"; };
		597BFEF21B74C1DD0025A0C8 /* PsychologistTests.swift */ = {isa = PBXFileReference; lastKnownFileType = sourcecode.swift; path = PsychologistTests.swift; sourceTree = "<group>"; };
/* End PBXFileReference section */

/* Begin PBXFrameworksBuildPhase section */
		597BFED41B74C1DD0025A0C8 /* Frameworks */ = {
			isa = PBXFrameworksBuildPhase;
			buildActionMask = 2147483647;
			files = (
			);
			runOnlyForDeploymentPostprocessing = 0;
		};
		597BFEE91B74C1DD0025A0C8 /* Frameworks */ = {
			isa = PBXFrameworksBuildPhase;
			buildActionMask = 2147483647;
			files = (
			);
			runOnlyForDeploymentPostprocessing = 0;
		};
/* End PBXFrameworksBuildPhase section */

/* Begin PBXGroup section */
		597BFECE1B74C1DD0025A0C8 = {
			isa = PBXGroup;
			children = (
				597BFED91B74C1DD0025A0C8 /* Psychologist */,
				597BFEEF1B74C1DD0025A0C8 /* PsychologistTests */,
				597BFED81B74C1DD0025A0C8 /* Products */,
			);
			sourceTree = "<group>";
		};
		597BFED81B74C1DD0025A0C8 /* Products */ = {
			isa = PBXGroup;
			children = (
				597BFED71B74C1DD0025A0C8 /* Psychologist.app */,
				597BFEEC1B74C1DD0025A0C8 /* PsychologistTests.xctest */,
			);
			name = Products;
			sourceTree = "<group>";
		};
		597BFED91B74C1DD0025A0C8 /* Psychologist */ = {
			isa = PBXGroup;
			children = (
				597BFEDE1B74C1DD0025A0C8 /* PsychologistViewController.swift */,
				591D77241B74C6AC00A222FC /* HappinessViewController.swift */,
				591D77251B74C6AC00A222FC /* FaceView.swift */,
				591D77281B74E44900A222FC /* TextViewController.swift */,
				591D772A1B74E5E600A222FC /* DiagnosedHappinessViewController.swift */,
				597BFEE01B74C1DD0025A0C8 /* Main.storyboard */,
				597BFEDA1B74C1DD0025A0C8 /* Supporting Files */,
			);
			path = Psychologist;
			sourceTree = "<group>";
		};
		597BFEDA1B74C1DD0025A0C8 /* Supporting Files */ = {
			isa = PBXGroup;
			children = (
				597BFEDC1B74C1DD0025A0C8 /* AppDelegate.swift */,
				597BFEE31B74C1DD0025A0C8 /* Images.xcassets */,
				597BFEE51B74C1DD0025A0C8 /* LaunchScreen.xib */,
				597BFEDB1B74C1DD0025A0C8 /* Info.plist */,
			);
			name = "Supporting Files";
			sourceTree = "<group>";
		};
		597BFEEF1B74C1DD0025A0C8 /* PsychologistTests */ = {
			isa = PBXGroup;
			children = (
				597BFEF21B74C1DD0025A0C8 /* PsychologistTests.swift */,
				597BFEF01B74C1DD0025A0C8 /* Supporting Files */,
			);
			path = PsychologistTests;
			sourceTree = "<group>";
		};
		597BFEF01B74C1DD0025A0C8 /* Supporting Files */ = {
			isa = PBXGroup;
			children = (
				597BFEF11B74C1DD0025A0C8 /* Info.plist */,
			);
			name = "Supporting Files";
			sourceTree = "<group>";
		};
/* End PBXGroup section */

/* Begin PBXNativeTarget section */
		597BFED61B74C1DD0025A0C8 /* Psychologist */ = {
			isa = PBXNativeTarget;
			buildConfigurationList = 597BFEF61B74C1DD0025A0C8 /* Build configuration list for PBXNativeTarget "Psychologist" */;
			buildPhases = (
				597BFED31B74C1DD0025A0C8 /* Sources */,
				597BFED41B74C1DD0025A0C8 /* Frameworks */,
				597BFED51B74C1DD0025A0C8 /* Resources */,
			);
			buildRules = (
			);
			dependencies = (
			);
			name = Psychologist;
			productName = Psychologist;
			productReference = 597BFED71B74C1DD0025A0C8 /* Psychologist.app */;
			productType = "com.apple.product-type.application";
		};
		597BFEEB1B74C1DD0025A0C8 /* PsychologistTests */ = {
			isa = PBXNativeTarget;
			buildConfigurationList = 597BFEF91B74C1DD0025A0C8 /* Build configuration list for PBXNativeTarget "PsychologistTests" */;
			buildPhases = (
				597BFEE81B74C1DD0025A0C8 /* Sources */,
				597BFEE91B74C1DD0025A0C8 /* Frameworks */,
				597BFEEA1B74C1DD0025A0C8 /* Resources */,
			);
			buildRules = (
			);
			dependencies = (
				597BFEEE1B74C1DD0025A0C8 /* PBXTargetDependency */,
			);
			name = PsychologistTests;
			productName = PsychologistTests;
			productReference = 597BFEEC1B74C1DD0025A0C8 /* PsychologistTests.xctest */;
			productType = "com.apple.product-type.bundle.unit-test";
		};
/* End PBXNativeTarget section */

/* Begin PBXProject section */
		597BFECF1B74C1DD0025A0C8 /* Project object */ = {
			isa = PBXProject;
			attributes = {
				LastUpgradeCheck = 0640;
				ORGANIZATIONNAME = Pulse;
				TargetAttributes = {
					597BFED61B74C1DD0025A0C8 = {
						CreatedOnToolsVersion = 6.4;
					};
					597BFEEB1B74C1DD0025A0C8 = {
						CreatedOnToolsVersion = 6.4;
						TestTargetID = 597BFED61B74C1DD0025A0C8;
					};
				};
			};
			buildConfigurationList = 597BFED21B74C1DD0025A0C8 /* Build configuration list for PBXProject "Psychologist" */;
			compatibilityVersion = "Xcode 3.2";
			developmentRegion = English;
			hasScannedForEncodings = 0;
			knownRegions = (
				en,
				Base,
			);
			mainGroup = 597BFECE1B74C1DD0025A0C8;
			productRefGroup = 597BFED81B74C1DD0025A0C8 /* Products */;
			projectDirPath = "";
			projectRoot = "";
			targets = (
				597BFED61B74C1DD0025A0C8 /* Psychologist */,
				597BFEEB1B74C1DD0025A0C8 /* PsychologistTests */,
			);
		};
/* End PBXProject section */

/* Begin PBXResourcesBuildPhase section */
		597BFED51B74C1DD0025A0C8 /* Resources */ = {
			isa = PBXResourcesBuildPhase;
			buildActionMask = 2147483647;
			files = (
				597BFEE21B74C1DD0025A0C8 /* Main.storyboard in Resources */,
				597BFEE71B74C1DD0025A0C8 /* LaunchScreen.xib in Resources */,
				597BFEE41B74C1DD0025A0C8 /* Images.xcassets in Resources */,
			);
			runOnlyForDeploymentPostprocessing = 0;
		};
		597BFEEA1B74C1DD0025A0C8 /* Resources */ = {
			isa = PBXResourcesBuildPhase;
			buildActionMask = 2147483647;
			files = (
			);
			runOnlyForDeploymentPostprocessing = 0;
		};
/* End PBXResourcesBuildPhase section */

/* Begin PBXSourcesBuildPhase section */
		597BFED31B74C1DD0025A0C8 /* Sources */ = {
			isa = PBXSourcesBuildPhase;
			buildActionMask = 2147483647;
			files = (
				591D77291B74E44900A222FC /* TextViewController.swift in Sources */,
				597BFEDF1B74C1DD0025A0C8 /* PsychologistViewController.swift in Sources */,
				591D77261B74C6AC00A222FC /* HappinessViewController.swift in Sources */,
				591D772B1B74E5E600A222FC /* DiagnosedHappinessViewController.swift in Sources */,
				597BFEDD1B74C1DD0025A0C8 /* AppDelegate.swift in Sources */,
				591D77271B74C6AC00A222FC /* FaceView.swift in Sources */,
			);
			runOnlyForDeploymentPostprocessing = 0;
		};
		597BFEE81B74C1DD0025A0C8 /* Sources */ = {
			isa = PBXSourcesBuildPhase;
			buildActionMask = 2147483647;
			files = (
				597BFEF31B74C1DD0025A0C8 /* PsychologistTests.swift in Sources */,
			);
			runOnlyForDeploymentPostprocessing = 0;
		};
/* End PBXSourcesBuildPhase section */

/* Begin PBXTargetDependency section */
		597BFEEE1B74C1DD0025A0C8 /* PBXTargetDependency */ = {
			isa = PBXTargetDependency;
			target = 597BFED61B74C1DD0025A0C8 /* Psychologist */;
			targetProxy = 597BFEED1B74C1DD0025A0C8 /* PBXContainerItemProxy */;
		};
/* End PBXTargetDependency section */

/* Begin PBXVariantGroup section */
		597BFEE01B74C1DD0025A0C8 /* Main.storyboard */ = {
			isa = PBXVariantGroup;
			children = (
				597BFEE11B74C1DD0025A0C8 /* Base */,
			);
			name = Main.storyboard;
			sourceTree = "<group>";
		};
		597BFEE51B74C1DD0025A0C8 /* LaunchScreen.xib */ = {
			isa = PBXVariantGroup;
			children = (
				597BFEE61B74C1DD0025A0C8 /* Base */,
			);
			name = LaunchScreen.xib;
			sourceTree = "<group>";
		};
/* End PBXVariantGroup section */

/* Begin XCBuildConfiguration section */
		597BFEF41B74C1DD0025A0C8 /* Debug */ = {
			isa = XCBuildConfiguration;
			buildSettings = {
				ALWAYS_SEARCH_USER_PATHS = NO;
				CLANG_CXX_LANGUAGE_STANDARD = "gnu++0x";
				CLANG_CXX_LIBRARY = "libc++";
				CLANG_ENABLE_MODULES = YES;
				CLANG_ENABLE_OBJC_ARC = YES;
				CLANG_WARN_BOOL_CONVERSION = YES;
				CLANG_WARN_CONSTANT_CONVERSION = YES;
				CLANG_WARN_DIRECT_OBJC_ISA_USAGE = YES_ERROR;
				CLANG_WARN_EMPTY_BODY = YES;
				CLANG_WARN_ENUM_CONVERSION = YES;
				CLANG_WARN_INT_CONVERSION = YES;
				CLANG_WARN_OBJC_ROOT_CLASS = YES_ERROR;
				CLANG_WARN_UNREACHABLE_CODE = YES;
				CLANG_WARN__DUPLICATE_METHOD_MATCH = YES;
				"CODE_SIGN_IDENTITY[sdk=iphoneos*]" = "iPhone Developer";
				COPY_PHASE_STRIP = NO;
				DEBUG_INFORMATION_FORMAT = "dwarf-with-dsym";
				ENABLE_STRICT_OBJC_MSGSEND = YES;
				GCC_C_LANGUAGE_STANDARD = gnu99;
				GCC_DYNAMIC_NO_PIC = NO;
				GCC_NO_COMMON_BLOCKS = YES;
				GCC_OPTIMIZATION_LEVEL = 0;
				GCC_PREPROCESSOR_DEFINITIONS = (
					"DEBUG=1",
					"$(inherited)",
				);
				GCC_SYMBOLS_PRIVATE_EXTERN = NO;
				GCC_WARN_64_TO_32_BIT_CONVERSION = YES;
				GCC_WARN_ABOUT_RETURN_TYPE = YES_ERROR;
				GCC_WARN_UNDECLARED_SELECTOR = YES;
				GCC_WARN_UNINITIALIZED_AUTOS = YES_AGGRESSIVE;
				GCC_WARN_UNUSED_FUNCTION = YES;
				GCC_WARN_UNUSED_VARIABLE = YES;
				IPHONEOS_DEPLOYMENT_TARGET = 8.4;
				MTL_ENABLE_DEBUG_INFO = YES;
				ONLY_ACTIVE_ARCH = YES;
				SDKROOT = iphoneos;
				SWIFT_OPTIMIZATION_LEVEL = "-Onone";
				TARGETED_DEVICE_FAMILY = "1,2";
			};
			name = Debug;
		};
		597BFEF51B74C1DD0025A0C8 /* Release */ = {
			isa = XCBuildConfiguration;
			buildSettings = {
				ALWAYS_SEARCH_USER_PATHS = NO;
				CLANG_CXX_LANGUAGE_STANDARD = "gnu++0x";
				CLANG_CXX_LIBRARY = "libc++";
				CLANG_ENABLE_MODULES = YES;
				CLANG_ENABLE_OBJC_ARC = YES;
				CLANG_WARN_BOOL_CONVERSION = YES;
				CLANG_WARN_CONSTANT_CONVERSION = YES;
				CLANG_WARN_DIRECT_OBJC_ISA_USAGE = YES_ERROR;
				CLANG_WARN_EMPTY_BODY = YES;
				CLANG_WARN_ENUM_CONVERSION = YES;
				CLANG_WARN_INT_CONVERSION = YES;
				CLANG_WARN_OBJC_ROOT_CLASS = YES_ERROR;
				CLANG_WARN_UNREACHABLE_CODE = YES;
				CLANG_WARN__DUPLICATE_METHOD_MATCH = YES;
				"CODE_SIGN_IDENTITY[sdk=iphoneos*]" = "iPhone Developer";
				COPY_PHASE_STRIP = NO;
				DEBUG_INFORMATION_FORMAT = "dwarf-with-dsym";
				ENABLE_NS_ASSERTIONS = NO;
				ENABLE_STRICT_OBJC_MSGSEND = YES;
				GCC_C_LANGUAGE_STANDARD = gnu99;
				GCC_NO_COMMON_BLOCKS = YES;
				GCC_WARN_64_TO_32_BIT_CONVERSION = YES;
				GCC_WARN_ABOUT_RETURN_TYPE = YES_ERROR;
				GCC_WARN_UNDECLARED_SELECTOR = YES;
				GCC_WARN_UNINITIALIZED_AUTOS = YES_AGGRESSIVE;
				GCC_WARN_UNUSED_FUNCTION = YES;
				GCC_WARN_UNUSED_VARIABLE = YES;
				IPHONEOS_DEPLOYMENT_TARGET = 8.4;
				MTL_ENABLE_DEBUG_INFO = NO;
				SDKROOT = iphoneos;
				TARGETED_DEVICE_FAMILY = "1,2";
				VALIDATE_PRODUCT = YES;
			};
			name = Release;
		};
		597BFEF71B74C1DD0025A0C8 /* Debug */ = {
			isa = XCBuildConfiguration;
			buildSettings = {
				ASSETCATALOG_COMPILER_APPICON_NAME = AppIcon;
				INFOPLIST_FILE = Psychologist/Info.plist;
				LD_RUNPATH_SEARCH_PATHS = "$(inherited) @executable_path/Frameworks";
				PRODUCT_NAME = "$(TARGET_NAME)";
			};
			name = Debug;
		};
		597BFEF81B74C1DD0025A0C8 /* Release */ = {
			isa = XCBuildConfiguration;
			buildSettings = {
				ASSETCATALOG_COMPILER_APPICON_NAME = AppIcon;
				INFOPLIST_FILE = Psychologist/Info.plist;
				LD_RUNPATH_SEARCH_PATHS = "$(inherited) @executable_path/Frameworks";
				PRODUCT_NAME = "$(TARGET_NAME)";
			};
			name = Release;
		};
		597BFEFA1B74C1DD0025A0C8 /* Debug */ = {
			isa = XCBuildConfiguration;
			buildSettings = {
				BUNDLE_LOADER = "$(TEST_HOST)";
				FRAMEWORK_SEARCH_PATHS = (
					"$(SDKROOT)/Developer/Library/Frameworks",
					"$(inherited)",
				);
				GCC_PREPROCESSOR_DEFINITIONS = (
					"DEBUG=1",
					"$(inherited)",
				);
				INFOPLIST_FILE = PsychologistTests/Info.plist;
				LD_RUNPATH_SEARCH_PATHS = "$(inherited) @executable_path/Frameworks @loader_path/Frameworks";
				PRODUCT_NAME = "$(TARGET_NAME)";
				TEST_HOST = "$(BUILT_PRODUCTS_DIR)/Psychologist.app/Psychologist";
			};
			name = Debug;
		};
		597BFEFB1B74C1DD0025A0C8 /* Release */ = {
			isa = XCBuildConfiguration;
			buildSettings = {
				BUNDLE_LOADER = "$(TEST_HOST)";
				FRAMEWORK_SEARCH_PATHS = (
					"$(SDKROOT)/Developer/Library/Frameworks",
					"$(inherited)",
				);
				INFOPLIST_FILE = PsychologistTests/Info.plist;
				LD_RUNPATH_SEARCH_PATHS = "$(inherited) @executable_path/Frameworks @loader_path/Frameworks";
				PRODUCT_NAME = "$(TARGET_NAME)";
				TEST_HOST = "$(BUILT_PRODUCTS_DIR)/Psychologist.app/Psychologist";
			};
			name = Release;
		};
/* End XCBuildConfiguration section */

/* Begin XCConfigurationList section */
		597BFED21B74C1DD0025A0C8 /* Build configuration list for PBXProject "Psychologist" */ = {
			isa = XCConfigurationList;
			buildConfigurations = (
				597BFEF41B74C1DD0025A0C8 /* Debug */,
				597BFEF51B74C1DD0025A0C8 /* Release */,
			);
			defaultConfigurationIsVisible = 0;
			defaultConfigurationName = Release;
		};
		597BFEF61B74C1DD0025A0C8 /* Build configuration list for PBXNativeTarget "Psychologist" */ = {
			isa = XCConfigurationList;
			buildConfigurations = (
				597BFEF71B74C1DD0025A0C8 /* Debug */,
				597BFEF81B74C1DD0025A0C8 /* Release */,
			);
			defaultConfigurationIsVisible = 0;
			defaultConfigurationName = Release;
		};
		597BFEF91B74C1DD0025A0C8 /* Build configuration list for PBXNativeTarget "PsychologistTests" */ = {
			isa = XCConfigurationList;
			buildConfigurations = (
				597BFEFA1B74C1DD0025A0C8 /* Debug */,
				597BFEFB1B74C1DD0025A0C8 /* Release */,
			);
			defaultConfigurationIsVisible = 0;
			defaultConfigurationName = Release;
		};
/* End XCConfigurationList section */
	};
	rootObject = 597BFECF1B74C1DD0025A0C8 /* Project object */;
}
